
Microsoft Visual Studio Solution File, Format Version 12.00
# Visual Studio Version 17
VisualStudioVersion = 17.6.33829.357
MinimumVisualStudioVersion = 10.0.40219.1
Project("{FAE04EC0-301F-11D3-BF4B-00C04F79EFBC}") = "git-exemple", "git-exemple\git-exemple.csproj", "{4274206A-9062-4C58-A28B-B5D1A7AD5AFC}"
EndProject
Global
	GlobalSection(SolutionConfigurationPlatforms) = preSolution
		Debug|Any CPU = Debug|Any CPU
		Release|Any CPU = Release|Any CPU
	EndGlobalSection
	GlobalSection(ProjectConfigurationPlatforms) = postSolution
		{4274206A-9062-4C58-A28B-B5D1A7AD5AFC}.Debug|Any CPU.ActiveCfg = Debug|Any CPU
		{4274206A-9062-4C58-A28B-B5D1A7AD5AFC}.Debug|Any CPU.Build.0 = Debug|Any CPU
		{4274206A-9062-4C58-A28B-B5D1A7AD5AFC}.Release|Any CPU.ActiveCfg = Release|Any CPU
		{4274206A-9062-4C58-A28B-B5D1A7AD5AFC}.Release|Any CPU.Build.0 = Release|Any CPU
	EndGlobalSection
	GlobalSection(SolutionProperties) = preSolution
		HideSolutionNode = FALSE
	EndGlobalSection
	GlobalSection(ExtensibilityGlobals) = postSolution
		SolutionGuid = {14EFC254-1A54-45B8-AEA3-2D5969C5373A}
	EndGlobalSection
EndGlobal
